
Microsoft Visual Studio Solution File, Format Version 12.00
# Visual Studio Version 17
VisualStudioVersion = 17.12.35514.174
MinimumVisualStudioVersion = 10.0.40219.1
Project("{8BC9CEB8-8B4A-11D0-8D11-00A0C91BC942}") = "Photino.Native", "build\Photino.Native.vcxproj", "{5BD8FA2E-47A6-EE34-303A-5F5B1CA7CA99}"
EndProject
Project("{FAE04EC0-301F-11D3-BF4B-00C04F79EFBC}") = "Photino.NET", "photino.NET\Photino.NET\Photino.NET.csproj", "{BD6F34BC-71B9-4C8B-9234-9779A3A1EDAC}"
EndProject
Project("{FAE04EC0-301F-11D3-BF4B-00C04F79EFBC}") = "Photino.NET.Tests", "photino.NET\Photino.NET.Tests\Photino.NET.Tests.csproj", "{CA25F934-3CFA-4091-8913-68A1EC67B369}"
EndProject
Project("{FAE04EC0-301F-11D3-BF4B-00C04F79EFBC}") = "HelloPhotino.Menus", "photino.Samples\Photino.HelloPhotino.Menus\HelloPhotino.Menus.csproj", "{184FF6B5-78A7-4995-B1B3-F4E648C1F9CC}"
EndProject
Global
	GlobalSection(SolutionConfigurationPlatforms) = preSolution
		Debug|Any CPU = Debug|Any CPU
		Debug|ARM64 = Debug|ARM64
		Debug|x64 = Debug|x64
		Debug|x86 = Debug|x86
		Release|Any CPU = Release|Any CPU
		Release|ARM64 = Release|ARM64
		Release|x64 = Release|x64
		Release|x86 = Release|x86
	EndGlobalSection
	GlobalSection(ProjectConfigurationPlatforms) = postSolution
		{5BD8FA2E-47A6-EE34-303A-5F5B1CA7CA99}.Debug|Any CPU.ActiveCfg = Debug|x64
		{5BD8FA2E-47A6-EE34-303A-5F5B1CA7CA99}.Debug|Any CPU.Build.0 = Debug|x64
		{5BD8FA2E-47A6-EE34-303A-5F5B1CA7CA99}.Debug|ARM64.ActiveCfg = Debug|ARM64
		{5BD8FA2E-47A6-EE34-303A-5F5B1CA7CA99}.Debug|ARM64.Build.0 = Debug|ARM64
		{5BD8FA2E-47A6-EE34-303A-5F5B1CA7CA99}.Debug|x64.ActiveCfg = Debug|x64
		{5BD8FA2E-47A6-EE34-303A-5F5B1CA7CA99}.Debug|x64.Build.0 = Debug|x64
		{5BD8FA2E-47A6-EE34-303A-5F5B1CA7CA99}.Debug|x86.ActiveCfg = Debug|Win32
		{5BD8FA2E-47A6-EE34-303A-5F5B1CA7CA99}.Debug|x86.Build.0 = Debug|Win32
		{5BD8FA2E-47A6-EE34-303A-5F5B1CA7CA99}.Release|Any CPU.ActiveCfg = Release|x64
		{5BD8FA2E-47A6-EE34-303A-5F5B1CA7CA99}.Release|Any CPU.Build.0 = Release|x64
		{5BD8FA2E-47A6-EE34-303A-5F5B1CA7CA99}.Release|ARM64.ActiveCfg = Release|ARM64
		{5BD8FA2E-47A6-EE34-303A-5F5B1CA7CA99}.Release|ARM64.Build.0 = Release|ARM64
		{5BD8FA2E-47A6-EE34-303A-5F5B1CA7CA99}.Release|x64.ActiveCfg = Release|x64
		{5BD8FA2E-47A6-EE34-303A-5F5B1CA7CA99}.Release|x64.Build.0 = Release|x64
		{5BD8FA2E-47A6-EE34-303A-5F5B1CA7CA99}.Release|x86.ActiveCfg = Release|Win32
		{5BD8FA2E-47A6-EE34-303A-5F5B1CA7CA99}.Release|x86.Build.0 = Release|Win32
		{BD6F34BC-71B9-4C8B-9234-9779A3A1EDAC}.Debug|Any CPU.ActiveCfg = Debug|Any CPU
		{BD6F34BC-71B9-4C8B-9234-9779A3A1EDAC}.Debug|Any CPU.Build.0 = Debug|Any CPU
		{BD6F34BC-71B9-4C8B-9234-9779A3A1EDAC}.Debug|ARM64.ActiveCfg = Debug|Any CPU
		{BD6F34BC-71B9-4C8B-9234-9779A3A1EDAC}.Debug|ARM64.Build.0 = Debug|Any CPU
		{BD6F34BC-71B9-4C8B-9234-9779A3A1EDAC}.Debug|x64.ActiveCfg = Debug|Any CPU
		{BD6F34BC-71B9-4C8B-9234-9779A3A1EDAC}.Debug|x64.Build.0 = Debug|Any CPU
		{BD6F34BC-71B9-4C8B-9234-9779A3A1EDAC}.Debug|x86.ActiveCfg = Debug|Any CPU
		{BD6F34BC-71B9-4C8B-9234-9779A3A1EDAC}.Debug|x86.Build.0 = Debug|Any CPU
		{BD6F34BC-71B9-4C8B-9234-9779A3A1EDAC}.Release|Any CPU.ActiveCfg = Release|Any CPU
		{BD6F34BC-71B9-4C8B-9234-9779A3A1EDAC}.Release|Any CPU.Build.0 = Release|Any CPU
		{BD6F34BC-71B9-4C8B-9234-9779A3A1EDAC}.Release|ARM64.ActiveCfg = Release|Any CPU
		{BD6F34BC-71B9-4C8B-9234-9779A3A1EDAC}.Release|ARM64.Build.0 = Release|Any CPU
		{BD6F34BC-71B9-4C8B-9234-9779A3A1EDAC}.Release|x64.ActiveCfg = Release|Any CPU
		{BD6F34BC-71B9-4C8B-9234-9779A3A1EDAC}.Release|x64.Build.0 = Release|Any CPU
		{BD6F34BC-71B9-4C8B-9234-9779A3A1EDAC}.Release|x86.ActiveCfg = Release|Any CPU
		{BD6F34BC-71B9-4C8B-9234-9779A3A1EDAC}.Release|x86.Build.0 = Release|Any CPU
		{CA25F934-3CFA-4091-8913-68A1EC67B369}.Debug|Any CPU.ActiveCfg = Debug|Any CPU
		{CA25F934-3CFA-4091-8913-68A1EC67B369}.Debug|Any CPU.Build.0 = Debug|Any CPU
		{CA25F934-3CFA-4091-8913-68A1EC67B369}.Debug|ARM64.ActiveCfg = Debug|Any CPU
		{CA25F934-3CFA-4091-8913-68A1EC67B369}.Debug|ARM64.Build.0 = Debug|Any CPU
		{CA25F934-3CFA-4091-8913-68A1EC67B369}.Debug|x64.ActiveCfg = Debug|Any CPU
		{CA25F934-3CFA-4091-8913-68A1EC67B369}.Debug|x64.Build.0 = Debug|Any CPU
		{CA25F934-3CFA-4091-8913-68A1EC67B369}.Debug|x86.ActiveCfg = Debug|Any CPU
		{CA25F934-3CFA-4091-8913-68A1EC67B369}.Debug|x86.Build.0 = Debug|Any CPU
		{CA25F934-3CFA-4091-8913-68A1EC67B369}.Release|Any CPU.ActiveCfg = Release|Any CPU
		{CA25F934-3CFA-4091-8913-68A1EC67B369}.Release|Any CPU.Build.0 = Release|Any CPU
		{CA25F934-3CFA-4091-8913-68A1EC67B369}.Release|ARM64.ActiveCfg = Release|Any CPU
		{CA25F934-3CFA-4091-8913-68A1EC67B369}.Release|ARM64.Build.0 = Release|Any CPU
		{CA25F934-3CFA-4091-8913-68A1EC67B369}.Release|x64.ActiveCfg = Release|Any CPU
		{CA25F934-3CFA-4091-8913-68A1EC67B369}.Release|x64.Build.0 = Release|Any CPU
		{CA25F934-3CFA-4091-8913-68A1EC67B369}.Release|x86.ActiveCfg = Release|Any CPU
		{CA25F934-3CFA-4091-8913-68A1EC67B369}.Release|x86.Build.0 = Release|Any CPU
		{184FF6B5-78A7-4995-B1B3-F4E648C1F9CC}.Debug|Any CPU.ActiveCfg = Debug|Any CPU
		{184FF6B5-78A7-4995-B1B3-F4E648C1F9CC}.Debug|Any CPU.Build.0 = Debug|Any CPU
		{184FF6B5-78A7-4995-B1B3-F4E648C1F9CC}.Debug|ARM64.ActiveCfg = Debug|Any CPU
		{184FF6B5-78A7-4995-B1B3-F4E648C1F9CC}.Debug|ARM64.Build.0 = Debug|Any CPU
		{184FF6B5-78A7-4995-B1B3-F4E648C1F9CC}.Debug|x64.ActiveCfg = Debug|Any CPU
		{184FF6B5-78A7-4995-B1B3-F4E648C1F9CC}.Debug|x64.Build.0 = Debug|Any CPU
		{184FF6B5-78A7-4995-B1B3-F4E648C1F9CC}.Debug|x86.ActiveCfg = Debug|Any CPU
		{184FF6B5-78A7-4995-B1B3-F4E648C1F9CC}.Debug|x86.Build.0 = Debug|Any CPU
		{184FF6B5-78A7-4995-B1B3-F4E648C1F9CC}.Release|Any CPU.ActiveCfg = Release|Any CPU
		{184FF6B5-78A7-4995-B1B3-F4E648C1F9CC}.Release|Any CPU.Build.0 = Release|Any CPU
		{184FF6B5-78A7-4995-B1B3-F4E648C1F9CC}.Release|ARM64.ActiveCfg = Release|Any CPU
		{184FF6B5-78A7-4995-B1B3-F4E648C1F9CC}.Release|ARM64.Build.0 = Release|Any CPU
		{184FF6B5-78A7-4995-B1B3-F4E648C1F9CC}.Release|x64.ActiveCfg = Release|Any CPU
		{184FF6B5-78A7-4995-B1B3-F4E648C1F9CC}.Release|x64.Build.0 = Release|Any CPU
		{184FF6B5-78A7-4995-B1B3-F4E648C1F9CC}.Release|x86.ActiveCfg = Release|Any CPU
		{184FF6B5-78A7-4995-B1B3-F4E648C1F9CC}.Release|x86.Build.0 = Release|Any CPU
	EndGlobalSection
	GlobalSection(SolutionProperties) = preSolution
		HideSolutionNode = FALSE
	EndGlobalSection
EndGlobal
